Microsoft Visual Studio Solution File, Format Version 12.00
# Visual Studio Version 16
VisualStudioVersion = 16.0.29409.12
MinimumVisualStudioVersion = 10.0.40219.1
Project("{9A19103F-16F7-4668-BE54-9A1E7A4F7556}") = "MyProfile", "MyProfile\MyProfile.csproj", "{80D0AAE7-EBC6-454B-84EE-D187644AB339}"
EndProject
Project("{2150E333-8FDC-42A3-9474-1A3956D46DE8}") = "Core", "Core", "{B353673F-F323-450B-B693-497819680F4D}"
EndProject
Project("{9A19103F-16F7-4668-BE54-9A1E7A4F7556}") = "MyProfile.Entity", "MyProfile.Entity\MyProfile.Entity.csproj", "{49ED76A0-4C36-4F61-94E1-C3763D544F17}"
EndProject
Project("{9A19103F-16F7-4668-BE54-9A1E7A4F7556}") = "MyProfile.Identity", "MyProfile.Identity\MyProfile.Identity.csproj", "{E8469A72-57BF-474A-9023-BB56603B70E0}"
EndProject
Project("{2150E333-8FDC-42A3-9474-1A3956D46DE8}") = "Microservices", "Microservices", "{5ED48161-2D54-4561-8227-A38A0B11F91C}"
EndProject
Project("{9A19103F-16F7-4668-BE54-9A1E7A4F7556}") = "MyProfile.Template.Service", "MyProfile.Template.Service\MyProfile.Template.Service.csproj", "{2E149DF1-0D89-4F73-9333-FE9867993175}"
EndProject
Project("{9A19103F-16F7-4668-BE54-9A1E7A4F7556}") = "MyProfile.Budget.Service", "MyProfile.Budget.Service\MyProfile.Budget.Service.csproj", "{5A2938C0-698A-4EC0-8DF6-BC837AFDFD85}"
EndProject
Project("{9A19103F-16F7-4668-BE54-9A1E7A4F7556}") = "MyProfile.LittleDictionaries.Service", "MyProfile.LittleDictionaries.Service\MyProfile.LittleDictionaries.Service.csproj", "{A8DA813A-930E-402A-B1E2-B5C71310F194}"
EndProject
Project("{9A19103F-16F7-4668-BE54-9A1E7A4F7556}") = "MyProfile.Common", "MyProfile.Common\MyProfile.Common.csproj", "{ECCEA391-06FE-4EF0-9320-A6A21BF725EB}"
EndProject
Project("{9A19103F-16F7-4668-BE54-9A1E7A4F7556}") = "MyProfile.User.Service", "MyProfile.User.Service\MyProfile.User.Service.csproj", "{1E641FD9-5324-4C1E-925D-D5B915820AEC}"
EndProject
Project("{9A19103F-16F7-4668-BE54-9A1E7A4F7556}") = "MyProfile.Limit.Service", "MyProfile.Limit.Service\MyProfile.Limit.Service.csproj", "{14A35AEB-91DD-4BAE-BB64-26D75B5CF7B1}"
EndProject
Project("{9A19103F-16F7-4668-BE54-9A1E7A4F7556}") = "MyProfile.Goal.Service", "MyProfile.Goal.Service\MyProfile.Goal.Service.csproj", "{DA6132BB-F37E-421D-845D-CC38854FB77A}"
EndProject
Project("{9A19103F-16F7-4668-BE54-9A1E7A4F7556}") = "MyProfile.Chart.Service", "MyProfile.Chart.Service\MyProfile.Chart.Service.csproj", "{2BFD9E8A-9586-49E5-ACE9-DA69847E5E12}"
EndProject
Project("{9A19103F-16F7-4668-BE54-9A1E7A4F7556}") = "Email.Service", "Email.Service\Email.Service.csproj", "{86B08F0C-E3A8-4DE5-9A9A-02293D865317}"
EndProject
Project("{9A19103F-16F7-4668-BE54-9A1E7A4F7556}") = "MyProfile.File.Service", "MyProfile.File.Service\MyProfile.File.Service.csproj", "{2F836F80-0613-4D52-B31C-074C26324407}"
EndProject
Project("{9A19103F-16F7-4668-BE54-9A1E7A4F7556}") = "MyProfile.Chat.Service", "MyProfile.Chat.Service\MyProfile.Chat.Service.csproj", "{5BE5687E-18B1-4C19-98A3-55D258A444EA}"
EndProject
Project("{9A19103F-16F7-4668-BE54-9A1E7A4F7556}") = "MyProfile.Reminder.Service", "MyProfile.Reminder.Service\MyProfile.Reminder.Service.csproj", "{BED08749-5E50-42D4-B2D5-70D18AA10A8E}"
EndProject
Project("{9A19103F-16F7-4668-BE54-9A1E7A4F7556}") = "MyProfile.ToDoList.Service", "MyProfile.ToDoList.Service\MyProfile.ToDoList.Service.csproj", "{97BCCAFB-0FCA-48A4-A5C5-3610566E1F81}"
EndProject
Project("{9A19103F-16F7-4668-BE54-9A1E7A4F7556}") = "MyProfile.HelpCenter.Service", "MyProfile.HelpCenter.Service\MyProfile.HelpCenter.Service.csproj", "{0E6F7C6F-00A6-4FB3-BBE9-5F9F27FBCBF5}"
EndProject
Project("{9A19103F-16F7-4668-BE54-9A1E7A4F7556}") = "MyProfile.Payment.Service", "MyProfile.Payment.Service\MyProfile.Payment.Service.csproj", "{71D641B0-7671-4F3C-B9FA-4340DD2A25A6}"
EndProject
Project("{9A19103F-16F7-4668-BE54-9A1E7A4F7556}") = "Common.Service", "Common.Service\Common.Service.csproj", "{95A496F8-E378-42AA-9F79-51FBF59D2E4B}"
EndProject
Project("{9A19103F-16F7-4668-BE54-9A1E7A4F7556}") = "MyProfile.API", "MyProfile.Api\MyProfile.API.csproj", "{36B152A3-0891-4749-8DB2-2268C8B1000D}"
EndProject
Project("{9A19103F-16F7-4668-BE54-9A1E7A4F7556}") = "DevPortfolioSite", "..\DevPortfolio\DevPortfolio\DevPortfolioSite.csproj", "{6362B0C8-5A57-4190-94BD-7F07BCE81908}"
EndProject
Project("{9A19103F-16F7-4668-BE54-9A1E7A4F7556}") = "RedirectProject", "RedirectProject\RedirectProject.csproj", "{E96D87A0-57D5-43A0-A323-3D1F0C6813DB}"
EndProject
Project("{FAE04EC0-301F-11D3-BF4B-00C04F79EFBC}") = "MyProfile.LandingPage", "MyProfile.LandingPage\MyProfile.LandingPage.csproj", "{0061AD05-32B5-4EA0-BD77-14F18D2CB2E2}"
EndProject
Global
	GlobalSection(SolutionConfigurationPlatforms) = preSolution
		Debug|Any CPU = Debug|Any CPU
		Release|Any CPU = Release|Any CPU
	EndGlobalSection
	GlobalSection(ProjectConfigurationPlatforms) = postSolution
		{80D0AAE7-EBC6-454B-84EE-D187644AB339}.Debug|Any CPU.ActiveCfg = Debug|Any CPU
		{80D0AAE7-EBC6-454B-84EE-D187644AB339}.Debug|Any CPU.Build.0 = Debug|Any CPU
		{80D0AAE7-EBC6-454B-84EE-D187644AB339}.Release|Any CPU.ActiveCfg = Release|Any CPU
		{80D0AAE7-EBC6-454B-84EE-D187644AB339}.Release|Any CPU.Build.0 = Release|Any CPU
		{49ED76A0-4C36-4F61-94E1-C3763D544F17}.Debug|Any CPU.ActiveCfg = Debug|Any CPU
		{49ED76A0-4C36-4F61-94E1-C3763D544F17}.Debug|Any CPU.Build.0 = Debug|Any CPU
		{49ED76A0-4C36-4F61-94E1-C3763D544F17}.Release|Any CPU.ActiveCfg = Release|Any CPU
		{49ED76A0-4C36-4F61-94E1-C3763D544F17}.Release|Any CPU.Build.0 = Release|Any CPU
		{E8469A72-57BF-474A-9023-BB56603B70E0}.Debug|Any CPU.ActiveCfg = Debug|Any CPU
		{E8469A72-57BF-474A-9023-BB56603B70E0}.Debug|Any CPU.Build.0 = Debug|Any CPU
		{E8469A72-57BF-474A-9023-BB56603B70E0}.Release|Any CPU.ActiveCfg = Release|Any CPU
		{E8469A72-57BF-474A-9023-BB56603B70E0}.Release|Any CPU.Build.0 = Release|Any CPU
		{2E149DF1-0D89-4F73-9333-FE9867993175}.Debug|Any CPU.ActiveCfg = Debug|Any CPU
		{2E149DF1-0D89-4F73-9333-FE9867993175}.Debug|Any CPU.Build.0 = Debug|Any CPU
		{2E149DF1-0D89-4F73-9333-FE9867993175}.Release|Any CPU.ActiveCfg = Release|Any CPU
		{2E149DF1-0D89-4F73-9333-FE9867993175}.Release|Any CPU.Build.0 = Release|Any CPU
		{5A2938C0-698A-4EC0-8DF6-BC837AFDFD85}.Debug|Any CPU.ActiveCfg = Debug|Any CPU
		{5A2938C0-698A-4EC0-8DF6-BC837AFDFD85}.Debug|Any CPU.Build.0 = Debug|Any CPU
		{5A2938C0-698A-4EC0-8DF6-BC837AFDFD85}.Release|Any CPU.ActiveCfg = Release|Any CPU
		{5A2938C0-698A-4EC0-8DF6-BC837AFDFD85}.Release|Any CPU.Build.0 = Release|Any CPU
		{A8DA813A-930E-402A-B1E2-B5C71310F194}.Debug|Any CPU.ActiveCfg = Debug|Any CPU
		{A8DA813A-930E-402A-B1E2-B5C71310F194}.Debug|Any CPU.Build.0 = Debug|Any CPU
		{A8DA813A-930E-402A-B1E2-B5C71310F194}.Release|Any CPU.ActiveCfg = Release|Any CPU
		{A8DA813A-930E-402A-B1E2-B5C71310F194}.Release|Any CPU.Build.0 = Release|Any CPU
		{ECCEA391-06FE-4EF0-9320-A6A21BF725EB}.Debug|Any CPU.ActiveCfg = Debug|Any CPU
		{ECCEA391-06FE-4EF0-9320-A6A21BF725EB}.Debug|Any CPU.Build.0 = Debug|Any CPU
		{ECCEA391-06FE-4EF0-9320-A6A21BF725EB}.Release|Any CPU.ActiveCfg = Release|Any CPU
		{ECCEA391-06FE-4EF0-9320-A6A21BF725EB}.Release|Any CPU.Build.0 = Release|Any CPU
		{1E641FD9-5324-4C1E-925D-D5B915820AEC}.Debug|Any CPU.ActiveCfg = Debug|Any CPU
		{1E641FD9-5324-4C1E-925D-D5B915820AEC}.Debug|Any CPU.Build.0 = Debug|Any CPU
		{1E641FD9-5324-4C1E-925D-D5B915820AEC}.Release|Any CPU.ActiveCfg = Release|Any CPU
		{1E641FD9-5324-4C1E-925D-D5B915820AEC}.Release|Any CPU.Build.0 = Release|Any CPU
		{14A35AEB-91DD-4BAE-BB64-26D75B5CF7B1}.Debug|Any CPU.ActiveCfg = Debug|Any CPU
		{14A35AEB-91DD-4BAE-BB64-26D75B5CF7B1}.Debug|Any CPU.Build.0 = Debug|Any CPU
		{14A35AEB-91DD-4BAE-BB64-26D75B5CF7B1}.Release|Any CPU.ActiveCfg = Release|Any CPU
		{14A35AEB-91DD-4BAE-BB64-26D75B5CF7B1}.Release|Any CPU.Build.0 = Release|Any CPU
		{DA6132BB-F37E-421D-845D-CC38854FB77A}.Debug|Any CPU.ActiveCfg = Debug|Any CPU
		{DA6132BB-F37E-421D-845D-CC38854FB77A}.Debug|Any CPU.Build.0 = Debug|Any CPU
		{DA6132BB-F37E-421D-845D-CC38854FB77A}.Release|Any CPU.ActiveCfg = Release|Any CPU
		{DA6132BB-F37E-421D-845D-CC38854FB77A}.Release|Any CPU.Build.0 = Release|Any CPU
		{2BFD9E8A-9586-49E5-ACE9-DA69847E5E12}.Debug|Any CPU.ActiveCfg = Debug|Any CPU
		{2BFD9E8A-9586-49E5-ACE9-DA69847E5E12}.Debug|Any CPU.Build.0 = Debug|Any CPU
		{2BFD9E8A-9586-49E5-ACE9-DA69847E5E12}.Release|Any CPU.ActiveCfg = Release|Any CPU
		{2BFD9E8A-9586-49E5-ACE9-DA69847E5E12}.Release|Any CPU.Build.0 = Release|Any CPU
		{86B08F0C-E3A8-4DE5-9A9A-02293D865317}.Debug|Any CPU.ActiveCfg = Debug|Any CPU
		{86B08F0C-E3A8-4DE5-9A9A-02293D865317}.Debug|Any CPU.Build.0 = Debug|Any CPU
		{86B08F0C-E3A8-4DE5-9A9A-02293D865317}.Release|Any CPU.ActiveCfg = Release|Any CPU
		{86B08F0C-E3A8-4DE5-9A9A-02293D865317}.Release|Any CPU.Build.0 = Release|Any CPU
		{2F836F80-0613-4D52-B31C-074C26324407}.Debug|Any CPU.ActiveCfg = Debug|Any CPU
		{2F836F80-0613-4D52-B31C-074C26324407}.Debug|Any CPU.Build.0 = Debug|Any CPU
		{2F836F80-0613-4D52-B31C-074C26324407}.Release|Any CPU.ActiveCfg = Release|Any CPU
		{2F836F80-0613-4D52-B31C-074C26324407}.Release|Any CPU.Build.0 = Release|Any CPU
		{5BE5687E-18B1-4C19-98A3-55D258A444EA}.Debug|Any CPU.ActiveCfg = Debug|Any CPU
		{5BE5687E-18B1-4C19-98A3-55D258A444EA}.Debug|Any CPU.Build.0 = Debug|Any CPU
		{5BE5687E-18B1-4C19-98A3-55D258A444EA}.Release|Any CPU.ActiveCfg = Release|Any CPU
		{5BE5687E-18B1-4C19-98A3-55D258A444EA}.Release|Any CPU.Build.0 = Release|Any CPU
		{BED08749-5E50-42D4-B2D5-70D18AA10A8E}.Debug|Any CPU.ActiveCfg = Debug|Any CPU
		{BED08749-5E50-42D4-B2D5-70D18AA10A8E}.Debug|Any CPU.Build.0 = Debug|Any CPU
		{BED08749-5E50-42D4-B2D5-70D18AA10A8E}.Release|Any CPU.ActiveCfg = Release|Any CPU
		{BED08749-5E50-42D4-B2D5-70D18AA10A8E}.Release|Any CPU.Build.0 = Release|Any CPU
		{97BCCAFB-0FCA-48A4-A5C5-3610566E1F81}.Debug|Any CPU.ActiveCfg = Debug|Any CPU
		{97BCCAFB-0FCA-48A4-A5C5-3610566E1F81}.Debug|Any CPU.Build.0 = Debug|Any CPU
		{97BCCAFB-0FCA-48A4-A5C5-3610566E1F81}.Release|Any CPU.ActiveCfg = Release|Any CPU
		{97BCCAFB-0FCA-48A4-A5C5-3610566E1F81}.Release|Any CPU.Build.0 = Release|Any CPU
		{0E6F7C6F-00A6-4FB3-BBE9-5F9F27FBCBF5}.Debug|Any CPU.ActiveCfg = Debug|Any CPU
		{0E6F7C6F-00A6-4FB3-BBE9-5F9F27FBCBF5}.Debug|Any CPU.Build.0 = Debug|Any CPU
		{0E6F7C6F-00A6-4FB3-BBE9-5F9F27FBCBF5}.Release|Any CPU.ActiveCfg = Release|Any CPU
		{0E6F7C6F-00A6-4FB3-BBE9-5F9F27FBCBF5}.Release|Any CPU.Build.0 = Release|Any CPU
		{71D641B0-7671-4F3C-B9FA-4340DD2A25A6}.Debug|Any CPU.ActiveCfg = Debug|Any CPU
		{71D641B0-7671-4F3C-B9FA-4340DD2A25A6}.Debug|Any CPU.Build.0 = Debug|Any CPU
		{71D641B0-7671-4F3C-B9FA-4340DD2A25A6}.Release|Any CPU.ActiveCfg = Release|Any CPU
		{71D641B0-7671-4F3C-B9FA-4340DD2A25A6}.Release|Any CPU.Build.0 = Release|Any CPU
		{95A496F8-E378-42AA-9F79-51FBF59D2E4B}.Debug|Any CPU.ActiveCfg = Debug|Any CPU
		{95A496F8-E378-42AA-9F79-51FBF59D2E4B}.Debug|Any CPU.Build.0 = Debug|Any CPU
		{95A496F8-E378-42AA-9F79-51FBF59D2E4B}.Release|Any CPU.ActiveCfg = Release|Any CPU
		{95A496F8-E378-42AA-9F79-51FBF59D2E4B}.Release|Any CPU.Build.0 = Release|Any CPU
		{36B152A3-0891-4749-8DB2-2268C8B1000D}.Debug|Any CPU.ActiveCfg = Debug|Any CPU
		{36B152A3-0891-4749-8DB2-2268C8B1000D}.Debug|Any CPU.Build.0 = Debug|Any CPU
		{36B152A3-0891-4749-8DB2-2268C8B1000D}.Release|Any CPU.ActiveCfg = Release|Any CPU
		{36B152A3-0891-4749-8DB2-2268C8B1000D}.Release|Any CPU.Build.0 = Release|Any CPU
		{6362B0C8-5A57-4190-94BD-7F07BCE81908}.Debug|Any CPU.ActiveCfg = Debug|Any CPU
		{6362B0C8-5A57-4190-94BD-7F07BCE81908}.Debug|Any CPU.Build.0 = Debug|Any CPU
		{6362B0C8-5A57-4190-94BD-7F07BCE81908}.Release|Any CPU.ActiveCfg = Release|Any CPU
		{6362B0C8-5A57-4190-94BD-7F07BCE81908}.Release|Any CPU.Build.0 = Release|Any CPU
		{E96D87A0-57D5-43A0-A323-3D1F0C6813DB}.Debug|Any CPU.ActiveCfg = Debug|Any CPU
		{E96D87A0-57D5-43A0-A323-3D1F0C6813DB}.Debug|Any CPU.Build.0 = Debug|Any CPU
		{E96D87A0-57D5-43A0-A323-3D1F0C6813DB}.Release|Any CPU.ActiveCfg = Release|Any CPU
		{E96D87A0-57D5-43A0-A323-3D1F0C6813DB}.Release|Any CPU.Build.0 = Release|Any CPU
		{0061AD05-32B5-4EA0-BD77-14F18D2CB2E2}.Debug|Any CPU.ActiveCfg = Debug|Any CPU
		{0061AD05-32B5-4EA0-BD77-14F18D2CB2E2}.Debug|Any CPU.Build.0 = Debug|Any CPU
		{0061AD05-32B5-4EA0-BD77-14F18D2CB2E2}.Release|Any CPU.ActiveCfg = Release|Any CPU
		{0061AD05-32B5-4EA0-BD77-14F18D2CB2E2}.Release|Any CPU.Build.0 = Release|Any CPU
	EndGlobalSection
	GlobalSection(SolutionProperties) = preSolution
		HideSolutionNode = FALSE
	EndGlobalSection
	GlobalSection(NestedProjects) = preSolution
		{49ED76A0-4C36-4F61-94E1-C3763D544F17} = {B353673F-F323-450B-B693-497819680F4D}
		{E8469A72-57BF-474A-9023-BB56603B70E0} = {B353673F-F323-450B-B693-497819680F4D}
		{2E149DF1-0D89-4F73-9333-FE9867993175} = {5ED48161-2D54-4561-8227-A38A0B11F91C}
		{5A2938C0-698A-4EC0-8DF6-BC837AFDFD85} = {5ED48161-2D54-4561-8227-A38A0B11F91C}
		{A8DA813A-930E-402A-B1E2-B5C71310F194} = {5ED48161-2D54-4561-8227-A38A0B11F91C}
		{ECCEA391-06FE-4EF0-9320-A6A21BF725EB} = {B353673F-F323-450B-B693-497819680F4D}
		{1E641FD9-5324-4C1E-925D-D5B915820AEC} = {5ED48161-2D54-4561-8227-A38A0B11F91C}
		{14A35AEB-91DD-4BAE-BB64-26D75B5CF7B1} = {5ED48161-2D54-4561-8227-A38A0B11F91C}
		{DA6132BB-F37E-421D-845D-CC38854FB77A} = {5ED48161-2D54-4561-8227-A38A0B11F91C}
		{2BFD9E8A-9586-49E5-ACE9-DA69847E5E12} = {5ED48161-2D54-4561-8227-A38A0B11F91C}
		{86B08F0C-E3A8-4DE5-9A9A-02293D865317} = {5ED48161-2D54-4561-8227-A38A0B11F91C}
		{2F836F80-0613-4D52-B31C-074C26324407} = {5ED48161-2D54-4561-8227-A38A0B11F91C}
		{5BE5687E-18B1-4C19-98A3-55D258A444EA} = {5ED48161-2D54-4561-8227-A38A0B11F91C}
		{BED08749-5E50-42D4-B2D5-70D18AA10A8E} = {5ED48161-2D54-4561-8227-A38A0B11F91C}
		{97BCCAFB-0FCA-48A4-A5C5-3610566E1F81} = {5ED48161-2D54-4561-8227-A38A0B11F91C}
		{0E6F7C6F-00A6-4FB3-BBE9-5F9F27FBCBF5} = {5ED48161-2D54-4561-8227-A38A0B11F91C}
		{71D641B0-7671-4F3C-B9FA-4340DD2A25A6} = {5ED48161-2D54-4561-8227-A38A0B11F91C}
		{95A496F8-E378-42AA-9F79-51FBF59D2E4B} = {5ED48161-2D54-4561-8227-A38A0B11F91C}
	EndGlobalSection
	GlobalSection(ExtensibilityGlobals) = postSolution
		SolutionGuid = {0BFCF594-C456-498B-A0CC-0D1DD1335CDD}
	EndGlobalSection
EndGlobal
